// !$*UTF8*$!
{
	archiveVersion = 1;
	classes = {
	};
	objectVersion = 56;
	objects = {

/* Begin PBXBuildFile section */
		754A30542C16068700FBF78B /* FavouritesViewModel.swift in Sources */ = {isa = PBXBuildFile; fileRef = 754A30532C16068700FBF78B /* FavouritesViewModel.swift */; };
		754DCFBD2C10881200070C11 /* ContentView.swift in Sources */ = {isa = PBXBuildFile; fileRef = 754DCFBC2C10881200070C11 /* ContentView.swift */; };
		756B62E72C0FAC07001D6C8C /* Task34App.swift in Sources */ = {isa = PBXBuildFile; fileRef = 756B62E62C0FAC07001D6C8C /* Task34App.swift */; };
		756B62EB2C0FAC09001D6C8C /* Assets.xcassets in Resources */ = {isa = PBXBuildFile; fileRef = 756B62EA2C0FAC09001D6C8C /* Assets.xcassets */; };
		756B62EE2C0FAC09001D6C8C /* Preview Assets.xcassets in Resources */ = {isa = PBXBuildFile; fileRef = 756B62ED2C0FAC09001D6C8C /* Preview Assets.xcassets */; };
		756B62F62C0FAC2F001D6C8C /* Networking in Frameworks */ = {isa = PBXBuildFile; productRef = 756B62F52C0FAC2F001D6C8C /* Networking */; };
		756B62F82C0FC4DB001D6C8C /* MoviesView.swift in Sources */ = {isa = PBXBuildFile; fileRef = 756B62F72C0FC4DB001D6C8C /* MoviesView.swift */; };
		756B62FA2C0FC4EF001D6C8C /* MoviesModel.swift in Sources */ = {isa = PBXBuildFile; fileRef = 756B62F92C0FC4EF001D6C8C /* MoviesModel.swift */; };
		756B62FC2C0FCD41001D6C8C /* MoviesViewModel.swift in Sources */ = {isa = PBXBuildFile; fileRef = 756B62FB2C0FCD41001D6C8C /* MoviesViewModel.swift */; };
		756B62FE2C0FF012001D6C8C /* SearchView.swift in Sources */ = {isa = PBXBuildFile; fileRef = 756B62FD2C0FF012001D6C8C /* SearchView.swift */; };
		756B63002C0FF523001D6C8C /* ImageLoadingView.swift in Sources */ = {isa = PBXBuildFile; fileRef = 756B62FF2C0FF523001D6C8C /* ImageLoadingView.swift */; };
		756B63022C0FF53E001D6C8C /* ImageLoader.swift in Sources */ = {isa = PBXBuildFile; fileRef = 756B63012C0FF53E001D6C8C /* ImageLoader.swift */; };
		75ABB7B42C15DACA006A15C1 /* FavouritesView.swift in Sources */ = {isa = PBXBuildFile; fileRef = 75ABB7B32C15DACA006A15C1 /* FavouritesView.swift */; };
		75BC9C352C12D400009B034F /* Launch Screen.storyboard in Resources */ = {isa = PBXBuildFile; fileRef = 75BC9C342C12D400009B034F /* Launch Screen.storyboard */; };
		75BC9C382C12FC9B009B034F /* MovieDetailView.swift in Sources */ = {isa = PBXBuildFile; fileRef = 75BC9C372C12FC9B009B034F /* MovieDetailView.swift */; };
		75FBC16C2C112BBC000847E3 /* SearchViewModel.swift in Sources */ = {isa = PBXBuildFile; fileRef = 75FBC16B2C112BBC000847E3 /* SearchViewModel.swift */; };
/* End PBXBuildFile section */

/* Begin PBXFileReference section */
		754A30532C16068700FBF78B /* FavouritesViewModel.swift */ = {isa = PBXFileReference; lastKnownFileType = sourcecode.swift; path = FavouritesViewModel.swift; sourceTree = "<group>"; };
		754DCFBC2C10881200070C11 /* ContentView.swift */ = {isa = PBXFileReference; lastKnownFileType = sourcecode.swift; path = ContentView.swift; sourceTree = "<group>"; };
		756B62E32C0FAC07001D6C8C /* Task34.app */ = {isa = PBXFileReference; explicitFileType = wrapper.application; includeInIndex = 0; path = Task34.app; sourceTree = BUILT_PRODUCTS_DIR; };
		756B62E62C0FAC07001D6C8C /* Task34App.swift */ = {isa = PBXFileReference; lastKnownFileType = sourcecode.swift; path = Task34App.swift; sourceTree = "<group>"; };
		756B62EA2C0FAC09001D6C8C /* Assets.xcassets */ = {isa = PBXFileReference; lastKnownFileType = folder.assetcatalog; path = Assets.xcassets; sourceTree = "<group>"; };
		756B62ED2C0FAC09001D6C8C /* Preview Assets.xcassets */ = {isa = PBXFileReference; lastKnownFileType = folder.assetcatalog; path = "Preview Assets.xcassets"; sourceTree = "<group>"; };
		756B62F72C0FC4DB001D6C8C /* MoviesView.swift */ = {isa = PBXFileReference; lastKnownFileType = sourcecode.swift; path = MoviesView.swift; sourceTree = "<group>"; };
		756B62F92C0FC4EF001D6C8C /* MoviesModel.swift */ = {isa = PBXFileReference; lastKnownFileType = sourcecode.swift; path = MoviesModel.swift; sourceTree = "<group>"; };
		756B62FB2C0FCD41001D6C8C /* MoviesViewModel.swift */ = {isa = PBXFileReference; lastKnownFileType = sourcecode.swift; path = MoviesViewModel.swift; sourceTree = "<group>"; };
		756B62FD2C0FF012001D6C8C /* SearchView.swift */ = {isa = PBXFileReference; lastKnownFileType = sourcecode.swift; path = SearchView.swift; sourceTree = "<group>"; };
		756B62FF2C0FF523001D6C8C /* ImageLoadingView.swift */ = {isa = PBXFileReference; lastKnownFileType = sourcecode.swift; path = ImageLoadingView.swift; sourceTree = "<group>"; };
		756B63012C0FF53E001D6C8C /* ImageLoader.swift */ = {isa = PBXFileReference; lastKnownFileType = sourcecode.swift; path = ImageLoader.swift; sourceTree = "<group>"; };
		75ABB7B32C15DACA006A15C1 /* FavouritesView.swift */ = {isa = PBXFileReference; lastKnownFileType = sourcecode.swift; path = FavouritesView.swift; sourceTree = "<group>"; };
		75BC9C342C12D400009B034F /* Launch Screen.storyboard */ = {isa = PBXFileReference; lastKnownFileType = file.storyboard; path = "Launch Screen.storyboard"; sourceTree = "<group>"; };
		75BC9C372C12FC9B009B034F /* MovieDetailView.swift */ = {isa = PBXFileReference; lastKnownFileType = sourcecode.swift; path = MovieDetailView.swift; sourceTree = "<group>"; };
		75FBC16B2C112BBC000847E3 /* SearchViewModel.swift */ = {isa = PBXFileReference; lastKnownFileType = sourcecode.swift; path = SearchViewModel.swift; sourceTree = "<group>"; };
/* End PBXFileReference section */

/* Begin PBXFrameworksBuildPhase section */
		756B62E02C0FAC07001D6C8C /* Frameworks */ = {
			isa = PBXFrameworksBuildPhase;
			buildActionMask = 2147483647;
			files = (
				756B62F62C0FAC2F001D6C8C /* Networking in Frameworks */,
			);
			runOnlyForDeploymentPostprocessing = 0;
		};
/* End PBXFrameworksBuildPhase section */

/* Begin PBXGroup section */
		754DCFBE2C10DDD200070C11 /* imageCache */ = {
			isa = PBXGroup;
			children = (
				756B62FF2C0FF523001D6C8C /* ImageLoadingView.swift */,
				756B63012C0FF53E001D6C8C /* ImageLoader.swift */,
			);
			path = imageCache;
			sourceTree = "<group>";
		};
		754DCFBF2C10DDFB00070C11 /* MoviesPage */ = {
			isa = PBXGroup;
			children = (
				756B62F92C0FC4EF001D6C8C /* MoviesModel.swift */,
				756B62F72C0FC4DB001D6C8C /* MoviesView.swift */,
				756B62FB2C0FCD41001D6C8C /* MoviesViewModel.swift */,
			);
			path = MoviesPage;
			sourceTree = "<group>";
		};
		754DCFC02C10DE1000070C11 /* SearchPage */ = {
			isa = PBXGroup;
			children = (
				756B62FD2C0FF012001D6C8C /* SearchView.swift */,
				75FBC16B2C112BBC000847E3 /* SearchViewModel.swift */,
			);
			path = SearchPage;
			sourceTree = "<group>";
		};
		756B62DA2C0FAC07001D6C8C = {
			isa = PBXGroup;
			children = (
				75BC9C342C12D400009B034F /* Launch Screen.storyboard */,
				756B62E52C0FAC07001D6C8C /* Task34 */,
				756B62E42C0FAC07001D6C8C /* Products */,
			);
			sourceTree = "<group>";
		};
		756B62E42C0FAC07001D6C8C /* Products */ = {
			isa = PBXGroup;
			children = (
				756B62E32C0FAC07001D6C8C /* Task34.app */,
			);
			name = Products;
			sourceTree = "<group>";
		};
		756B62E52C0FAC07001D6C8C /* Task34 */ = {
			isa = PBXGroup;
			children = (
				756B62E62C0FAC07001D6C8C /* Task34App.swift */,
				754DCFBC2C10881200070C11 /* ContentView.swift */,
				754DCFBF2C10DDFB00070C11 /* MoviesPage */,
				75BC9C362C12FC5F009B034F /* MoviesDetailsPage */,
				754DCFC02C10DE1000070C11 /* SearchPage */,
				75ABB7B22C15DA99006A15C1 /* FavouritesPage */,
				754DCFBE2C10DDD200070C11 /* imageCache */,
				756B62EA2C0FAC09001D6C8C /* Assets.xcassets */,
				756B62EC2C0FAC09001D6C8C /* Preview Content */,
			);
			path = Task34;
			sourceTree = "<group>";
		};
		756B62EC2C0FAC09001D6C8C /* Preview Content */ = {
			isa = PBXGroup;
			children = (
				756B62ED2C0FAC09001D6C8C /* Preview Assets.xcassets */,
			);
			path = "Preview Content";
			sourceTree = "<group>";
		};
		75ABB7B22C15DA99006A15C1 /* FavouritesPage */ = {
			isa = PBXGroup;
			children = (
				75ABB7B32C15DACA006A15C1 /* FavouritesView.swift */,
				754A30532C16068700FBF78B /* FavouritesViewModel.swift */,
			);
			path = FavouritesPage;
			sourceTree = "<group>";
		};
		75BC9C362C12FC5F009B034F /* MoviesDetailsPage */ = {
			isa = PBXGroup;
			children = (
				75BC9C372C12FC9B009B034F /* MovieDetailView.swift */,
			);
			path = MoviesDetailsPage;
			sourceTree = "<group>";
		};
/* End PBXGroup section */

/* Begin PBXNativeTarget section */
		756B62E22C0FAC07001D6C8C /* Task34 */ = {
			isa = PBXNativeTarget;
			buildConfigurationList = 756B62F12C0FAC09001D6C8C /* Build configuration list for PBXNativeTarget "Task34" */;
			buildPhases = (
				756B62DF2C0FAC07001D6C8C /* Sources */,
				756B62E02C0FAC07001D6C8C /* Frameworks */,
				756B62E12C0FAC07001D6C8C /* Resources */,
			);
			buildRules = (
			);
			dependencies = (
			);
			name = Task34;
			packageProductDependencies = (
				756B62F52C0FAC2F001D6C8C /* Networking */,
			);
			productName = Task34;
			productReference = 756B62E32C0FAC07001D6C8C /* Task34.app */;
			productType = "com.apple.product-type.application";
		};
/* End PBXNativeTarget section */

/* Begin PBXProject section */
		756B62DB2C0FAC07001D6C8C /* Project object */ = {
			isa = PBXProject;
			attributes = {
				BuildIndependentTargetsInParallel = 1;
				LastSwiftUpdateCheck = 1530;
				LastUpgradeCheck = 1530;
				TargetAttributes = {
					756B62E22C0FAC07001D6C8C = {
						CreatedOnToolsVersion = 15.3;
					};
				};
			};
			buildConfigurationList = 756B62DE2C0FAC07001D6C8C /* Build configuration list for PBXProject "Task34" */;
			compatibilityVersion = "Xcode 14.0";
			developmentRegion = en;
			hasScannedForEncodings = 0;
			knownRegions = (
				en,
				Base,
			);
			mainGroup = 756B62DA2C0FAC07001D6C8C;
			packageReferences = (
				756B62F42C0FAC2F001D6C8C /* XCRemoteSwiftPackageReference "NetworkingPackage" */,
			);
			productRefGroup = 756B62E42C0FAC07001D6C8C /* Products */;
			projectDirPath = "";
			projectRoot = "";
			targets = (
				756B62E22C0FAC07001D6C8C /* Task34 */,
			);
		};
/* End PBXProject section */

/* Begin PBXResourcesBuildPhase section */
		756B62E12C0FAC07001D6C8C /* Resources */ = {
			isa = PBXResourcesBuildPhase;
			buildActionMask = 2147483647;
			files = (
				75BC9C352C12D400009B034F /* Launch Screen.storyboard in Resources */,
				756B62EE2C0FAC09001D6C8C /* Preview Assets.xcassets in Resources */,
				756B62EB2C0FAC09001D6C8C /* Assets.xcassets in Resources */,
			);
			runOnlyForDeploymentPostprocessing = 0;
		};
/* End PBXResourcesBuildPhase section */

/* Begin PBXSourcesBuildPhase section */
		756B62DF2C0FAC07001D6C8C /* Sources */ = {
			isa = PBXSourcesBuildPhase;
			buildActionMask = 2147483647;
			files = (
				756B63022C0FF53E001D6C8C /* ImageLoader.swift in Sources */,
				756B62FE2C0FF012001D6C8C /* SearchView.swift in Sources */,
				754DCFBD2C10881200070C11 /* ContentView.swift in Sources */,
				756B62FA2C0FC4EF001D6C8C /* MoviesModel.swift in Sources */,
				756B62F82C0FC4DB001D6C8C /* MoviesView.swift in Sources */,
				75ABB7B42C15DACA006A15C1 /* FavouritesView.swift in Sources */,
				756B63002C0FF523001D6C8C /* ImageLoadingView.swift in Sources */,
				75FBC16C2C112BBC000847E3 /* SearchViewModel.swift in Sources */,
				754A30542C16068700FBF78B /* FavouritesViewModel.swift in Sources */,
				756B62E72C0FAC07001D6C8C /* Task34App.swift in Sources */,
				756B62FC2C0FCD41001D6C8C /* MoviesViewModel.swift in Sources */,
				75BC9C382C12FC9B009B034F /* MovieDetailView.swift in Sources */,
			);
			runOnlyForDeploymentPostprocessing = 0;
		};
/* End PBXSourcesBuildPhase section */

/* Begin XCBuildConfiguration section */
		756B62EF2C0FAC09001D6C8C /* Debug */ = {
			isa = XCBuildConfiguration;
			buildSettings = {
				ALWAYS_SEARCH_USER_PATHS = NO;
				ASSETCATALOG_COMPILER_GENERATE_SWIFT_ASSET_SYMBOL_EXTENSIONS = YES;
				CLANG_ANALYZER_NONNULL = YES;
				CLANG_ANALYZER_NUMBER_OBJECT_CONVERSION = YES_AGGRESSIVE;
				CLANG_CXX_LANGUAGE_STANDARD = "gnu++20";
				CLANG_ENABLE_MODULES = YES;
				CLANG_ENABLE_OBJC_ARC = YES;
				CLANG_ENABLE_OBJC_WEAK = YES;
				CLANG_WARN_BLOCK_CAPTURE_AUTORELEASING = YES;
				CLANG_WARN_BOOL_CONVERSION = YES;
				CLANG_WARN_COMMA = YES;
				CLANG_WARN_CONSTANT_CONVERSION = YES;
				CLANG_WARN_DEPRECATED_OBJC_IMPLEMENTATIONS = YES;
				CLANG_WARN_DIRECT_OBJC_ISA_USAGE = YES_ERROR;
				CLANG_WARN_DOCUMENTATION_COMMENTS = YES;
				CLANG_WARN_EMPTY_BODY = YES;
				CLANG_WARN_ENUM_CONVERSION = YES;
				CLANG_WARN_INFINITE_RECURSION = YES;
				CLANG_WARN_INT_CONVERSION = YES;
				CLANG_WARN_NON_LITERAL_NULL_CONVERSION = YES;
				CLANG_WARN_OBJC_IMPLICIT_RETAIN_SELF = YES;
				CLANG_WARN_OBJC_LITERAL_CONVERSION = YES;
				CLANG_WARN_OBJC_ROOT_CLASS = YES_ERROR;
				CLANG_WARN_QUOTED_INCLUDE_IN_FRAMEWORK_HEADER = YES;
				CLANG_WARN_RANGE_LOOP_ANALYSIS = YES;
				CLANG_WARN_STRICT_PROTOTYPES = YES;
				CLANG_WARN_SUSPICIOUS_MOVE = YES;
				CLANG_WARN_UNGUARDED_AVAILABILITY = YES_AGGRESSIVE;
				CLANG_WARN_UNREACHABLE_CODE = YES;
				CLANG_WARN__DUPLICATE_METHOD_MATCH = YES;
				COPY_PHASE_STRIP = NO;
				DEBUG_INFORMATION_FORMAT = dwarf;
				ENABLE_STRICT_OBJC_MSGSEND = YES;
				ENABLE_TESTABILITY = YES;
				ENABLE_USER_SCRIPT_SANDBOXING = YES;
				GCC_C_LANGUAGE_STANDARD = gnu17;
				GCC_DYNAMIC_NO_PIC = NO;
				GCC_NO_COMMON_BLOCKS = YES;
				GCC_OPTIMIZATION_LEVEL = 0;
				GCC_PREPROCESSOR_DEFINITIONS = (
					"DEBUG=1",
					"$(inherited)",
				);
				GCC_WARN_64_TO_32_BIT_CONVERSION = YES;
				GCC_WARN_ABOUT_RETURN_TYPE = YES_ERROR;
				GCC_WARN_UNDECLARED_SELECTOR = YES;
				GCC_WARN_UNINITIALIZED_AUTOS = YES_AGGRESSIVE;
				GCC_WARN_UNUSED_FUNCTION = YES;
				GCC_WARN_UNUSED_VARIABLE = YES;
				IPHONEOS_DEPLOYMENT_TARGET = 17.4;
				LOCALIZATION_PREFERS_STRING_CATALOGS = YES;
				MTL_ENABLE_DEBUG_INFO = INCLUDE_SOURCE;
				MTL_FAST_MATH = YES;
				ONLY_ACTIVE_ARCH = YES;
				SDKROOT = iphoneos;
				SWIFT_ACTIVE_COMPILATION_CONDITIONS = "DEBUG $(inherited)";
				SWIFT_OPTIMIZATION_LEVEL = "-Onone";
			};
			name = Debug;
		};
		756B62F02C0FAC09001D6C8C /* Release */ = {
			isa = XCBuildConfiguration;
			buildSettings = {
				ALWAYS_SEARCH_USER_PATHS = NO;
				ASSETCATALOG_COMPILER_GENERATE_SWIFT_ASSET_SYMBOL_EXTENSIONS = YES;
				CLANG_ANALYZER_NONNULL = YES;
				CLANG_ANALYZER_NUMBER_OBJECT_CONVERSION = YES_AGGRESSIVE;
				CLANG_CXX_LANGUAGE_STANDARD = "gnu++20";
				CLANG_ENABLE_MODULES = YES;
				CLANG_ENABLE_OBJC_ARC = YES;
				CLANG_ENABLE_OBJC_WEAK = YES;
				CLANG_WARN_BLOCK_CAPTURE_AUTORELEASING = YES;
				CLANG_WARN_BOOL_CONVERSION = YES;
				CLANG_WARN_COMMA = YES;
				CLANG_WARN_CONSTANT_CONVERSION = YES;
				CLANG_WARN_DEPRECATED_OBJC_IMPLEMENTATIONS = YES;
				CLANG_WARN_DIRECT_OBJC_ISA_USAGE = YES_ERROR;
				CLANG_WARN_DOCUMENTATION_COMMENTS = YES;
				CLANG_WARN_EMPTY_BODY = YES;
				CLANG_WARN_ENUM_CONVERSION = YES;
				CLANG_WARN_INFINITE_RECURSION = YES;
				CLANG_WARN_INT_CONVERSION = YES;
				CLANG_WARN_NON_LITERAL_NULL_CONVERSION = YES;
				CLANG_WARN_OBJC_IMPLICIT_RETAIN_SELF = YES;
				CLANG_WARN_OBJC_LITERAL_CONVERSION = YES;
				CLANG_WARN_OBJC_ROOT_CLASS = YES_ERROR;
				CLANG_WARN_QUOTED_INCLUDE_IN_FRAMEWORK_HEADER = YES;
				CLANG_WARN_RANGE_LOOP_ANALYSIS = YES;
				CLANG_WARN_STRICT_PROTOTYPES = YES;
				CLANG_WARN_SUSPICIOUS_MOVE = YES;
				CLANG_WARN_UNGUARDED_AVAILABILITY = YES_AGGRESSIVE;
				CLANG_WARN_UNREACHABLE_CODE = YES;
				CLANG_WARN__DUPLICATE_METHOD_MATCH = YES;
				COPY_PHASE_STRIP = NO;
				DEBUG_INFORMATION_FORMAT = "dwarf-with-dsym";
				ENABLE_NS_ASSERTIONS = NO;
				ENABLE_STRICT_OBJC_MSGSEND = YES;
				ENABLE_USER_SCRIPT_SANDBOXING = YES;
				GCC_C_LANGUAGE_STANDARD = gnu17;
				GCC_NO_COMMON_BLOCKS = YES;
				GCC_WARN_64_TO_32_BIT_CONVERSION = YES;
				GCC_WARN_ABOUT_RETURN_TYPE = YES_ERROR;
				GCC_WARN_UNDECLARED_SELECTOR = YES;
				GCC_WARN_UNINITIALIZED_AUTOS = YES_AGGRESSIVE;
				GCC_WARN_UNUSED_FUNCTION = YES;
				GCC_WARN_UNUSED_VARIABLE = YES;
				IPHONEOS_DEPLOYMENT_TARGET = 17.4;
				LOCALIZATION_PREFERS_STRING_CATALOGS = YES;
				MTL_ENABLE_DEBUG_INFO = NO;
				MTL_FAST_MATH = YES;
				SDKROOT = iphoneos;
				SWIFT_COMPILATION_MODE = wholemodule;
				VALIDATE_PRODUCT = YES;
			};
			name = Release;
		};
		756B62F22C0FAC09001D6C8C /* Debug */ = {
			isa = XCBuildConfiguration;
			buildSettings = {
				ASSETCATALOG_COMPILER_APPICON_NAME = AppIcon;
				ASSETCATALOG_COMPILER_GLOBAL_ACCENT_COLOR_NAME = AccentColor;
				CODE_SIGN_STYLE = Automatic;
				CURRENT_PROJECT_VERSION = 1;
				DEVELOPMENT_ASSET_PATHS = "\"Task34/Preview Content\"";
				DEVELOPMENT_TEAM = 3MLTNZ9ZCU;
				ENABLE_PREVIEWS = YES;
				GENERATE_INFOPLIST_FILE = YES;
				INFOPLIST_KEY_UIApplicationSceneManifest_Generation = YES;
				INFOPLIST_KEY_UIApplicationSupportsIndirectInputEvents = YES;
				INFOPLIST_KEY_UILaunchScreen_Generation = YES;
				INFOPLIST_KEY_UILaunchStoryboardName = "Launch Screen.storyboard";
				INFOPLIST_KEY_UISupportedInterfaceOrientations_iPad = "UIInterfaceOrientationPortrait UIInterfaceOrientationPortraitUpsideDown UIInterfaceOrientationLandscapeLeft UIInterfaceOrientationLandscapeRight";
				INFOPLIST_KEY_UISupportedInterfaceOrientations_iPhone = "UIInterfaceOrientationPortrait UIInterfaceOrientationLandscapeLeft UIInterfaceOrientationLandscapeRight";
				LD_RUNPATH_SEARCH_PATHS = (
					"$(inherited)",
					"@executable_path/Frameworks",
				);
				MARKETING_VERSION = 1.0;
				PRODUCT_BUNDLE_IDENTIFIER = ge.academy.Task34;
				PRODUCT_NAME = "$(TARGET_NAME)";
				SWIFT_EMIT_LOC_STRINGS = YES;
				SWIFT_VERSION = 5.0;
				TARGETED_DEVICE_FAMILY = "1,2";
			};
			name = Debug;
		};
		756B62F32C0FAC09001D6C8C /* Release */ = {
			isa = XCBuildConfiguration;
			buildSettings = {
				ASSETCATALOG_COMPILER_APPICON_NAME = AppIcon;
				ASSETCATALOG_COMPILER_GLOBAL_ACCENT_COLOR_NAME = AccentColor;
				CODE_SIGN_STYLE = Automatic;
				CURRENT_PROJECT_VERSION = 1;
				DEVELOPMENT_ASSET_PATHS = "\"Task34/Preview Content\"";
				DEVELOPMENT_TEAM = 3MLTNZ9ZCU;
				ENABLE_PREVIEWS = YES;
				GENERATE_INFOPLIST_FILE = YES;
				INFOPLIST_KEY_UIApplicationSceneManifest_Generation = YES;
				INFOPLIST_KEY_UIApplicationSupportsIndirectInputEvents = YES;
				INFOPLIST_KEY_UILaunchScreen_Generation = YES;
				INFOPLIST_KEY_UILaunchStoryboardName = "Launch Screen.storyboard";
				INFOPLIST_KEY_UISupportedInterfaceOrientations_iPad = "UIInterfaceOrientationPortrait UIInterfaceOrientationPortraitUpsideDown UIInterfaceOrientationLandscapeLeft UIInterfaceOrientationLandscapeRight";
				INFOPLIST_KEY_UISupportedInterfaceOrientations_iPhone = "UIInterfaceOrientationPortrait UIInterfaceOrientationLandscapeLeft UIInterfaceOrientationLandscapeRight";
				LD_RUNPATH_SEARCH_PATHS = (
					"$(inherited)",
					"@executable_path/Frameworks",
				);
				MARKETING_VERSION = 1.0;
				PRODUCT_BUNDLE_IDENTIFIER = ge.academy.Task34;
				PRODUCT_NAME = "$(TARGET_NAME)";
				SWIFT_EMIT_LOC_STRINGS = YES;
				SWIFT_VERSION = 5.0;
				TARGETED_DEVICE_FAMILY = "1,2";
			};
			name = Release;
		};
/* End XCBuildConfiguration section */

/* Begin XCConfigurationList section */
		756B62DE2C0FAC07001D6C8C /* Build configuration list for PBXProject "Task34" */ = {
			isa = XCConfigurationList;
			buildConfigurations = (
				756B62EF2C0FAC09001D6C8C /* Debug */,
				756B62F02C0FAC09001D6C8C /* Release */,
			);
			defaultConfigurationIsVisible = 0;
			defaultConfigurationName = Release;
		};
		756B62F12C0FAC09001D6C8C /* Build configuration list for PBXNativeTarget "Task34" */ = {
			isa = XCConfigurationList;
			buildConfigurations = (
				756B62F22C0FAC09001D6C8C /* Debug */,
				756B62F32C0FAC09001D6C8C /* Release */,
			);
			defaultConfigurationIsVisible = 0;
			defaultConfigurationName = Release;
		};
/* End XCConfigurationList section */

/* Begin XCRemoteSwiftPackageReference section */
		756B62F42C0FAC2F001D6C8C /* XCRemoteSwiftPackageReference "NetworkingPackage" */ = {
			isa = XCRemoteSwiftPackageReference;
			repositoryURL = "https://github.com/ananamgaladze/NetworkingPackage";
			requirement = {
				branch = main;
				kind = branch;
			};
		};
/* End XCRemoteSwiftPackageReference section */

/* Begin XCSwiftPackageProductDependency section */
		756B62F52C0FAC2F001D6C8C /* Networking */ = {
			isa = XCSwiftPackageProductDependency;
			package = 756B62F42C0FAC2F001D6C8C /* XCRemoteSwiftPackageReference "NetworkingPackage" */;
			productName = Networking;
		};
/* End XCSwiftPackageProductDependency section */
	};
	rootObject = 756B62DB2C0FAC07001D6C8C /* Project object */;
}
